// !$*UTF8*$!
{
	archiveVersion = 1;
	classes = {
	};
	objectVersion = 50;
	objects = {

/* Begin PBXBuildFile section */
		6899AC4B23CDCC3900BD72AB /* AppDelegate.m in Sources */ = {isa = PBXBuildFile; fileRef = 6899AC4A23CDCC3900BD72AB /* AppDelegate.m */; };
		6899AC4E23CDCC3900BD72AB /* SceneDelegate.m in Sources */ = {isa = PBXBuildFile; fileRef = 6899AC4D23CDCC3900BD72AB /* SceneDelegate.m */; };
		6899AC5123CDCC3900BD72AB /* ViewController.m in Sources */ = {isa = PBXBuildFile; fileRef = 6899AC5023CDCC3900BD72AB /* ViewController.m */; };
		6899AC5423CDCC3900BD72AB /* Main.storyboard in Resources */ = {isa = PBXBuildFile; fileRef = 6899AC5223CDCC3900BD72AB /* Main.storyboard */; };
		6899AC5623CDCC3B00BD72AB /* Assets.xcassets in Resources */ = {isa = PBXBuildFile; fileRef = 6899AC5523CDCC3B00BD72AB /* Assets.xcassets */; };
		6899AC5923CDCC3B00BD72AB /* LaunchScreen.storyboard in Resources */ = {isa = PBXBuildFile; fileRef = 6899AC5723CDCC3B00BD72AB /* LaunchScreen.storyboard */; };
		6899AC5C23CDCC3B00BD72AB /* main.m in Sources */ = {isa = PBXBuildFile; fileRef = 6899AC5B23CDCC3B00BD72AB /* main.m */; };
		6899AC6423CDCC7800BD72AB /* Person.m in Sources */ = {isa = PBXBuildFile; fileRef = 6899AC6323CDCC7800BD72AB /* Person.m */; };
/* End PBXBuildFile section */

/* Begin PBXFileReference section */
		6899AC4623CDCC3900BD72AB /* meituan.app */ = {isa = PBXFileReference; explicitFileType = wrapper.application; includeInIndex = 0; path = meituan.app; sourceTree = BUILT_PRODUCTS_DIR; };
		6899AC4923CDCC3900BD72AB /* AppDelegate.h */ = {isa = PBXFileReference; lastKnownFileType = sourcecode.c.h; path = AppDelegate.h; sourceTree = "<group>"; };
		6899AC4A23CDCC3900BD72AB /* AppDelegate.m */ = {isa = PBXFileReference; lastKnownFileType = sourcecode.c.objc; path = AppDelegate.m; sourceTree = "<group>"; };
		6899AC4C23CDCC3900BD72AB /* SceneDelegate.h */ = {isa = PBXFileReference; lastKnownFileType = sourcecode.c.h; path = SceneDelegate.h; sourceTree = "<group>"; };
		6899AC4D23CDCC3900BD72AB /* SceneDelegate.m */ = {isa = PBXFileReference; lastKnownFileType = sourcecode.c.objc; path = SceneDelegate.m; sourceTree = "<group>"; };
		6899AC4F23CDCC3900BD72AB /* ViewController.h */ = {isa = PBXFileReference; lastKnownFileType = sourcecode.c.h; path = ViewController.h; sourceTree = "<group>"; };
		6899AC5023CDCC3900BD72AB /* ViewController.m */ = {isa = PBXFileReference; lastKnownFileType = sourcecode.c.objc; path = ViewController.m; sourceTree = "<group>"; };
		6899AC5323CDCC3900BD72AB /* Base */ = {isa = PBXFileReference; lastKnownFileType = file.storyboard; name = Base; path = Base.lproj/Main.storyboard; sourceTree = "<group>"; };
		6899AC5523CDCC3B00BD72AB /* Assets.xcassets */ = {isa = PBXFileReference; lastKnownFileType = folder.assetcatalog; path = Assets.xcassets; sourceTree = "<group>"; };
		6899AC5823CDCC3B00BD72AB /* Base */ = {isa = PBXFileReference; lastKnownFileType = file.storyboard; name = Base; path = Base.lproj/LaunchScreen.storyboard; sourceTree = "<group>"; };
		6899AC5A23CDCC3B00BD72AB /* Info.plist */ = {isa = PBXFileReference; lastKnownFileType = text.plist.xml; path = Info.plist; sourceTree = "<group>"; };
		6899AC5B23CDCC3B00BD72AB /* main.m */ = {isa = PBXFileReference; lastKnownFileType = sourcecode.c.objc; path = main.m; sourceTree = "<group>"; };
		6899AC6223CDCC7800BD72AB /* Person.h */ = {isa = PBXFileReference; lastKnownFileType = sourcecode.c.h; path = Person.h; sourceTree = "<group>"; };
		6899AC6323CDCC7800BD72AB /* Person.m */ = {isa = PBXFileReference; lastKnownFileType = sourcecode.c.objc; path = Person.m; sourceTree = "<group>"; };
/* End PBXFileReference section */

/* Begin PBXFrameworksBuildPhase section */
		6899AC4323CDCC3900BD72AB /* Frameworks */ = {
			isa = PBXFrameworksBuildPhase;
			buildActionMask = 2147483647;
			files = (
			);
			runOnlyForDeploymentPostprocessing = 0;
		};
/* End PBXFrameworksBuildPhase section */

/* Begin PBXGroup section */
		6899AC3D23CDCC3900BD72AB = {
			isa = PBXGroup;
			children = (
				6899AC4823CDCC3900BD72AB /* meituan */,
				6899AC4723CDCC3900BD72AB /* Products */,
			);
			sourceTree = "<group>";
		};
		6899AC4723CDCC3900BD72AB /* Products */ = {
			isa = PBXGroup;
			children = (
				6899AC4623CDCC3900BD72AB /* meituan.app */,
			);
			name = Products;
			sourceTree = "<group>";
		};
		6899AC4823CDCC3900BD72AB /* meituan */ = {
			isa = PBXGroup;
			children = (
				6899AC4923CDCC3900BD72AB /* AppDelegate.h */,
				6899AC4A23CDCC3900BD72AB /* AppDelegate.m */,
				6899AC4C23CDCC3900BD72AB /* SceneDelegate.h */,
				6899AC4D23CDCC3900BD72AB /* SceneDelegate.m */,
				6899AC4F23CDCC3900BD72AB /* ViewController.h */,
				6899AC5023CDCC3900BD72AB /* ViewController.m */,
				6899AC6223CDCC7800BD72AB /* Person.h */,
				6899AC6323CDCC7800BD72AB /* Person.m */,
				6899AC5223CDCC3900BD72AB /* Main.storyboard */,
				6899AC5523CDCC3B00BD72AB /* Assets.xcassets */,
				6899AC5723CDCC3B00BD72AB /* LaunchScreen.storyboard */,
				6899AC5A23CDCC3B00BD72AB /* Info.plist */,
				6899AC5B23CDCC3B00BD72AB /* main.m */,
			);
			path = meituan;
			sourceTree = "<group>";
		};
/* End PBXGroup section */

/* Begin PBXNativeTarget section */
		6899AC4523CDCC3900BD72AB /* meituan */ = {
			isa = PBXNativeTarget;
			buildConfigurationList = 6899AC5F23CDCC3B00BD72AB /* Build configuration list for PBXNativeTarget "meituan" */;
			buildPhases = (
				6899AC4223CDCC3900BD72AB /* Sources */,
				6899AC4323CDCC3900BD72AB /* Frameworks */,
				6899AC4423CDCC3900BD72AB /* Resources */,
			);
			buildRules = (
			);
			dependencies = (
			);
			name = meituan;
			productName = meituan;
			productReference = 6899AC4623CDCC3900BD72AB /* meituan.app */;
			productType = "com.apple.product-type.application";
		};
/* End PBXNativeTarget section */

/* Begin PBXProject section */
		6899AC3E23CDCC3900BD72AB /* Project object */ = {
			isa = PBXProject;
			attributes = {
				LastUpgradeCheck = 1120;
				ORGANIZATIONNAME = JF;
				TargetAttributes = {
					6899AC4523CDCC3900BD72AB = {
						CreatedOnToolsVersion = 11.2.1;
					};
				};
			};
			buildConfigurationList = 6899AC4123CDCC3900BD72AB /* Build configuration list for PBXProject "meituan" */;
			compatibilityVersion = "Xcode 9.3";
			developmentRegion = en;
			hasScannedForEncodings = 0;
			knownRegions = (
				en,
				Base,
			);
			mainGroup = 6899AC3D23CDCC3900BD72AB;
			productRefGroup = 6899AC4723CDCC3900BD72AB /* Products */;
			projectDirPath = "";
			projectRoot = "";
			targets = (
				6899AC4523CDCC3900BD72AB /* meituan */,
			);
		};
/* End PBXProject section */

/* Begin PBXResourcesBuildPhase section */
		6899AC4423CDCC3900BD72AB /* Resources */ = {
			isa = PBXResourcesBuildPhase;
			buildActionMask = 2147483647;
			files = (
				6899AC5923CDCC3B00BD72AB /* LaunchScreen.storyboard in Resources */,
				6899AC5623CDCC3B00BD72AB /* Assets.xcassets in Resources */,
				6899AC5423CDCC3900BD72AB /* Main.storyboard in Resources */,
			);
			runOnlyForDeploymentPostprocessing = 0;
		};
/* End PBXResourcesBuildPhase section */

/* Begin PBXSourcesBuildPhase section */
		6899AC4223CDCC3900BD72AB /* Sources */ = {
			isa = PBXSourcesBuildPhase;
			buildActionMask = 2147483647;
			files = (
				6899AC5123CDCC3900BD72AB /* ViewController.m in Sources */,
				6899AC4B23CDCC3900BD72AB /* AppDelegate.m in Sources */,
				6899AC6423CDCC7800BD72AB /* Person.m in Sources */,
				6899AC5C23CDCC3B00BD72AB /* main.m in Sources */,
				6899AC4E23CDCC3900BD72AB /* SceneDelegate.m in Sources */,
			);
			runOnlyForDeploymentPostprocessing = 0;
		};
/* End PBXSourcesBuildPhase section */

/* Begin PBXVariantGroup section */
		6899AC5223CDCC3900BD72AB /* Main.storyboard */ = {
			isa = PBXVariantGroup;
			children = (
				6899AC5323CDCC3900BD72AB /* Base */,
			);
			name = Main.storyboard;
			sourceTree = "<group>";
		};
		6899AC5723CDCC3B00BD72AB /* LaunchScreen.storyboard */ = {
			isa = PBXVariantGroup;
			children = (
				6899AC5823CDCC3B00BD72AB /* Base */,
			);
			name = LaunchScreen.storyboard;
			sourceTree = "<group>";
		};
/* End PBXVariantGroup section */

/* Begin XCBuildConfiguration section */
		6899AC5D23CDCC3B00BD72AB /* Debug */ = {
			isa = XCBuildConfiguration;
			buildSettings = {
				ALWAYS_SEARCH_USER_PATHS = NO;
				CLANG_ANALYZER_NONNULL = YES;
				CLANG_ANALYZER_NUMBER_OBJECT_CONVERSION = YES_AGGRESSIVE;
				CLANG_CXX_LANGUAGE_STANDARD = "gnu++14";
				CLANG_CXX_LIBRARY = "libc++";
				CLANG_ENABLE_MODULES = YES;
				CLANG_ENABLE_OBJC_ARC = YES;
				CLANG_ENABLE_OBJC_WEAK = YES;
				CLANG_WARN_BLOCK_CAPTURE_AUTORELEASING = YES;
				CLANG_WARN_BOOL_CONVERSION = YES;
				CLANG_WARN_COMMA = YES;
				CLANG_WARN_CONSTANT_CONVERSION = YES;
				CLANG_WARN_DEPRECATED_OBJC_IMPLEMENTATIONS = YES;
				CLANG_WARN_DIRECT_OBJC_ISA_USAGE = YES_ERROR;
				CLANG_WARN_DOCUMENTATION_COMMENTS = YES;
				CLANG_WARN_EMPTY_BODY = YES;
				CLANG_WARN_ENUM_CONVERSION = YES;
				CLANG_WARN_INFINITE_RECURSION = YES;
				CLANG_WARN_INT_CONVERSION = YES;
				CLANG_WARN_NON_LITERAL_NULL_CONVERSION = YES;
				CLANG_WARN_OBJC_IMPLICIT_RETAIN_SELF = YES;
				CLANG_WARN_OBJC_LITERAL_CONVERSION = YES;
				CLANG_WARN_OBJC_ROOT_CLASS = YES_ERROR;
				CLANG_WARN_RANGE_LOOP_ANALYSIS = YES;
				CLANG_WARN_STRICT_PROTOTYPES = YES;
				CLANG_WARN_SUSPICIOUS_MOVE = YES;
				CLANG_WARN_UNGUARDED_AVAILABILITY = YES_AGGRESSIVE;
				CLANG_WARN_UNREACHABLE_CODE = YES;
				CLANG_WARN__DUPLICATE_METHOD_MATCH = YES;
				COPY_PHASE_STRIP = NO;
				DEBUG_INFORMATION_FORMAT = dwarf;
				ENABLE_STRICT_OBJC_MSGSEND = YES;
				ENABLE_TESTABILITY = YES;
				GCC_C_LANGUAGE_STANDARD = gnu11;
				GCC_DYNAMIC_NO_PIC = NO;
				GCC_NO_COMMON_BLOCKS = YES;
				GCC_OPTIMIZATION_LEVEL = 0;
				GCC_PREPROCESSOR_DEFINITIONS = (
					"DEBUG=1",
					"$(inherited)",
				);
				GCC_WARN_64_TO_32_BIT_CONVERSION = YES;
				GCC_WARN_ABOUT_RETURN_TYPE = YES_ERROR;
				GCC_WARN_UNDECLARED_SELECTOR = YES;
				GCC_WARN_UNINITIALIZED_AUTOS = YES_AGGRESSIVE;
				GCC_WARN_UNUSED_FUNCTION = YES;
				GCC_WARN_UNUSED_VARIABLE = YES;
				IPHONEOS_DEPLOYMENT_TARGET = 13.2;
				MTL_ENABLE_DEBUG_INFO = INCLUDE_SOURCE;
				MTL_FAST_MATH = YES;
				ONLY_ACTIVE_ARCH = YES;
				SDKROOT = iphoneos;
			};
			name = Debug;
		};
		6899AC5E23CDCC3B00BD72AB /* Release */ = {
			isa = XCBuildConfiguration;
			buildSettings = {
				ALWAYS_SEARCH_USER_PATHS = NO;
				CLANG_ANALYZER_NONNULL = YES;
				CLANG_ANALYZER_NUMBER_OBJECT_CONVERSION = YES_AGGRESSIVE;
				CLANG_CXX_LANGUAGE_STANDARD = "gnu++14";
				CLANG_CXX_LIBRARY = "libc++";
				CLANG_ENABLE_MODULES = YES;
				CLANG_ENABLE_OBJC_ARC = YES;
				CLANG_ENABLE_OBJC_WEAK = YES;
				CLANG_WARN_BLOCK_CAPTURE_AUTORELEASING = YES;
				CLANG_WARN_BOOL_CONVERSION = YES;
				CLANG_WARN_COMMA = YES;
				CLANG_WARN_CONSTANT_CONVERSION = YES;
				CLANG_WARN_DEPRECATED_OBJC_IMPLEMENTATIONS = YES;
				CLANG_WARN_DIRECT_OBJC_ISA_USAGE = YES_ERROR;
				CLANG_WARN_DOCUMENTATION_COMMENTS = YES;
				CLANG_WARN_EMPTY_BODY = YES;
				CLANG_WARN_ENUM_CONVERSION = YES;
				CLANG_WARN_INFINITE_RECURSION = YES;
				CLANG_WARN_INT_CONVERSION = YES;
				CLANG_WARN_NON_LITERAL_NULL_CONVERSION = YES;
				CLANG_WARN_OBJC_IMPLICIT_RETAIN_SELF = YES;
				CLANG_WARN_OBJC_LITERAL_CONVERSION = YES;
				CLANG_WARN_OBJC_ROOT_CLASS = YES_ERROR;
				CLANG_WARN_RANGE_LOOP_ANALYSIS = YES;
				CLANG_WARN_STRICT_PROTOTYPES = YES;
				CLANG_WARN_SUSPICIOUS_MOVE = YES;
				CLANG_WARN_UNGUARDED_AVAILABILITY = YES_AGGRESSIVE;
				CLANG_WARN_UNREACHABLE_CODE = YES;
				CLANG_WARN__DUPLICATE_METHOD_MATCH = YES;
				COPY_PHASE_STRIP = NO;
				DEBUG_INFORMATION_FORMAT = "dwarf-with-dsym";
				ENABLE_NS_ASSERTIONS = NO;
				ENABLE_STRICT_OBJC_MSGSEND = YES;
				GCC_C_LANGUAGE_STANDARD = gnu11;
				GCC_NO_COMMON_BLOCKS = YES;
				GCC_WARN_64_TO_32_BIT_CONVERSION = YES;
				GCC_WARN_ABOUT_RETURN_TYPE = YES_ERROR;
				GCC_WARN_UNDECLARED_SELECTOR = YES;
				GCC_WARN_UNINITIALIZED_AUTOS = YES_AGGRESSIVE;
				GCC_WARN_UNUSED_FUNCTION = YES;
				GCC_WARN_UNUSED_VARIABLE = YES;
				IPHONEOS_DEPLOYMENT_TARGET = 13.2;
				MTL_ENABLE_DEBUG_INFO = NO;
				MTL_FAST_MATH = YES;
				SDKROOT = iphoneos;
				VALIDATE_PRODUCT = YES;
			};
			name = Release;
		};
		6899AC6023CDCC3B00BD72AB /* Debug */ = {
			isa = XCBuildConfiguration;
			buildSettings = {
				ASSETCATALOG_COMPILER_APPICON_NAME = AppIcon;
				CODE_SIGN_STYLE = Automatic;
				DEVELOPMENT_TEAM = 89Z2LB5J7R;
				INFOPLIST_FILE = meituan/Info.plist;
				LD_RUNPATH_SEARCH_PATHS = (
					"$(inherited)",
					"@executable_path/Frameworks",
				);
				PRODUCT_BUNDLE_IDENTIFIER = com.jfpal.dev.meituan;
				PRODUCT_NAME = "$(TARGET_NAME)";
				TARGETED_DEVICE_FAMILY = "1,2";
			};
			name = Debug;
		};
		6899AC6123CDCC3B00BD72AB /* Release */ = {
			isa = XCBuildConfiguration;
			buildSettings = {
				ASSETCATALOG_COMPILER_APPICON_NAME = AppIcon;
				CODE_SIGN_STYLE = Automatic;
				DEVELOPMENT_TEAM = 89Z2LB5J7R;
				INFOPLIST_FILE = meituan/Info.plist;
				LD_RUNPATH_SEARCH_PATHS = (
					"$(inherited)",
					"@executable_path/Frameworks",
				);
				PRODUCT_BUNDLE_IDENTIFIER = com.jfpal.dev.meituan;
				PRODUCT_NAME = "$(TARGET_NAME)";
				TARGETED_DEVICE_FAMILY = "1,2";
			};
			name = Release;
		};
/* End XCBuildConfiguration section */

/* Begin XCConfigurationList section */
		6899AC4123CDCC3900BD72AB /* Build configuration list for PBXProject "meituan" */ = {
			isa = XCConfigurationList;
			buildConfigurations = (
				6899AC5D23CDCC3B00BD72AB /* Debug */,
				6899AC5E23CDCC3B00BD72AB /* Release */,
			);
			defaultConfigurationIsVisible = 0;
			defaultConfigurationName = Release;
		};
		6899AC5F23CDCC3B00BD72AB /* Build configuration list for PBXNativeTarget "meituan" */ = {
			isa = XCConfigurationList;
			buildConfigurations = (
				6899AC6023CDCC3B00BD72AB /* Debug */,
				6899AC6123CDCC3B00BD72AB /* Release */,
			);
			defaultConfigurationIsVisible = 0;
			defaultConfigurationName = Release;
		};
/* End XCConfigurationList section */
	};
	rootObject = 6899AC3E23CDCC3900BD72AB /* Project object */;
}
